
Microsoft Visual Studio Solution File, Format Version 12.00
# Visual Studio 15
VisualStudioVersion = 15.0.26430.14
MinimumVisualStudioVersion = 10.0.40219.1
Project("{FAE04EC0-301F-11D3-BF4B-00C04F79EFBC}") = "DotNetCoreSample", "DotNetCoreSample\DotNetCoreSample.csproj", "{8B2E0343-F6AA-4994-9941-A87F8572B3E1}"
EndProject
Project("{FAE04EC0-301F-11D3-BF4B-00C04F79EFBC}") = "DotNetCoreSampleTest", "DotNetCoreSampleTest\DotNetCoreSampleTest.csproj", "{739C8B0D-5625-4953-96B6-9571898C31BB}"
EndProject
Global
	GlobalSection(SolutionConfigurationPlatforms) = preSolution
		Debug|Any CPU = Debug|Any CPU
		Release|Any CPU = Release|Any CPU
	EndGlobalSection
	GlobalSection(ProjectConfigurationPlatforms) = postSolution
		{8B2E0343-F6AA-4994-9941-A87F8572B3E1}.Debug|Any CPU.ActiveCfg = Debug|Any CPU
		{8B2E0343-F6AA-4994-9941-A87F8572B3E1}.Debug|Any CPU.Build.0 = Debug|Any CPU
		{8B2E0343-F6AA-4994-9941-A87F8572B3E1}.Release|Any CPU.ActiveCfg = Release|Any CPU
		{8B2E0343-F6AA-4994-9941-A87F8572B3E1}.Release|Any CPU.Build.0 = Release|Any CPU
		{739C8B0D-5625-4953-96B6-9571898C31BB}.Debug|Any CPU.ActiveCfg = Debug|Any CPU
		{739C8B0D-5625-4953-96B6-9571898C31BB}.Debug|Any CPU.Build.0 = Debug|Any CPU
		{739C8B0D-5625-4953-96B6-9571898C31BB}.Release|Any CPU.ActiveCfg = Release|Any CPU
		{739C8B0D-5625-4953-96B6-9571898C31BB}.Release|Any CPU.Build.0 = Release|Any CPU
	EndGlobalSection
	GlobalSection(SolutionProperties) = preSolution
		HideSolutionNode = FALSE
	EndGlobalSection
EndGlobal
